
Microsoft Visual Studio Solution File, Format Version 12.00
# Visual Studio Version 16
VisualStudioVersion = 16.0.31911.196
MinimumVisualStudioVersion = 10.0.40219.1
Project("{FAE04EC0-301F-11D3-BF4B-00C04F79EFBC}") = "SIMPLEBOT", "SIMPLEBOT.csproj", "{07D2667E-A76B-4238-9849-5A0CA221DB81}"
EndProject
Global
	GlobalSection(SolutionConfigurationPlatforms) = preSolution
		Debug|Any CPU = Debug|Any CPU
		Release|Any CPU = Release|Any CPU
	EndGlobalSection
	GlobalSection(ProjectConfigurationPlatforms) = postSolution
		{07D2667E-A76B-4238-9849-5A0CA221DB81}.Debug|Any CPU.ActiveCfg = Debug|Any CPU
		{07D2667E-A76B-4238-9849-5A0CA221DB81}.Debug|Any CPU.Build.0 = Debug|Any CPU
		{07D2667E-A76B-4238-9849-5A0CA221DB81}.Release|Any CPU.ActiveCfg = Release|Any CPU
		{07D2667E-A76B-4238-9849-5A0CA221DB81}.Release|Any CPU.Build.0 = Release|Any CPU
	EndGlobalSection
	GlobalSection(SolutionProperties) = preSolution
		HideSolutionNode = FALSE
	EndGlobalSection
	GlobalSection(ExtensibilityGlobals) = postSolution
		SolutionGuid = {404200FD-DCE6-4E50-AD4C-340D02265393}
	EndGlobalSection
EndGlobal
